
Microsoft Visual Studio Solution File, Format Version 12.00
# Visual Studio Version 17
VisualStudioVersion = 17.9.34728.123
MinimumVisualStudioVersion = 10.0.40219.1
Project("{FAE04EC0-301F-11D3-BF4B-00C04F79EFBC}") = "Q1", "Q1\Q1.csproj", "{7AE9026E-2FE7-47E6-B5E5-E236D9EC8606}"
EndProject
Global
	GlobalSection(SolutionConfigurationPlatforms) = preSolution
		Debug|Any CPU = Debug|Any CPU
		Release|Any CPU = Release|Any CPU
	EndGlobalSection
	GlobalSection(ProjectConfigurationPlatforms) = postSolution
		{7AE9026E-2FE7-47E6-B5E5-E236D9EC8606}.Debug|Any CPU.ActiveCfg = Debug|Any CPU
		{7AE9026E-2FE7-47E6-B5E5-E236D9EC8606}.Debug|Any CPU.Build.0 = Debug|Any CPU
		{7AE9026E-2FE7-47E6-B5E5-E236D9EC8606}.Release|Any CPU.ActiveCfg = Release|Any CPU
		{7AE9026E-2FE7-47E6-B5E5-E236D9EC8606}.Release|Any CPU.Build.0 = Release|Any CPU
	EndGlobalSection
	GlobalSection(SolutionProperties) = preSolution
		HideSolutionNode = FALSE
	EndGlobalSection
	GlobalSection(ExtensibilityGlobals) = postSolution
		SolutionGuid = {3B95F68E-344F-4C8D-B129-263EE1895C09}
	EndGlobalSection
EndGlobal
