
Microsoft Visual Studio Solution File, Format Version 12.00
# Visual Studio Version 17
VisualStudioVersion = 17.9.34728.123
MinimumVisualStudioVersion = 10.0.40219.1
Project("{FAE04EC0-301F-11D3-BF4B-00C04F79EFBC}") = "Q6", "Q6\Q6.csproj", "{7463B299-4EFC-46CA-B373-7B07F2985543}"
EndProject
Global
	GlobalSection(SolutionConfigurationPlatforms) = preSolution
		Debug|Any CPU = Debug|Any CPU
		Release|Any CPU = Release|Any CPU
	EndGlobalSection
	GlobalSection(ProjectConfigurationPlatforms) = postSolution
		{7463B299-4EFC-46CA-B373-7B07F2985543}.Debug|Any CPU.ActiveCfg = Debug|Any CPU
		{7463B299-4EFC-46CA-B373-7B07F2985543}.Debug|Any CPU.Build.0 = Debug|Any CPU
		{7463B299-4EFC-46CA-B373-7B07F2985543}.Release|Any CPU.ActiveCfg = Release|Any CPU
		{7463B299-4EFC-46CA-B373-7B07F2985543}.Release|Any CPU.Build.0 = Release|Any CPU
	EndGlobalSection
	GlobalSection(SolutionProperties) = preSolution
		HideSolutionNode = FALSE
	EndGlobalSection
	GlobalSection(ExtensibilityGlobals) = postSolution
		SolutionGuid = {59570106-F3F5-4388-A3D0-12BA5830999C}
	EndGlobalSection
EndGlobal
